
Microsoft Visual Studio Solution File, Format Version 12.00
# Visual Studio Version 17
VisualStudioVersion = 17.8.34330.188
MinimumVisualStudioVersion = 10.0.40219.1
Project("{8BC9CEB8-8B4A-11D0-8D11-00A0C91BC942}") = "Super-Sunshine", "Super-Sunshine.vcxproj", "{7E675971-3C68-45C5-BC20-6737A51350D9}"
EndProject
Global
	GlobalSection(SolutionConfigurationPlatforms) = preSolution
		Debug|x64 = Debug|x64
		Debug|x86 = Debug|x86
		Release|x64 = Release|x64
		Release|x86 = Release|x86
	EndGlobalSection
	GlobalSection(ProjectConfigurationPlatforms) = postSolution
		{7E675971-3C68-45C5-BC20-6737A51350D9}.Debug|x64.ActiveCfg = Debug|x64
		{7E675971-3C68-45C5-BC20-6737A51350D9}.Debug|x64.Build.0 = Debug|x64
		{7E675971-3C68-45C5-BC20-6737A51350D9}.Debug|x86.ActiveCfg = Debug|Win32
		{7E675971-3C68-45C5-BC20-6737A51350D9}.Debug|x86.Build.0 = Debug|Win32
		{7E675971-3C68-45C5-BC20-6737A51350D9}.Release|x64.ActiveCfg = Release|x64
		{7E675971-3C68-45C5-BC20-6737A51350D9}.Release|x64.Build.0 = Release|x64
		{7E675971-3C68-45C5-BC20-6737A51350D9}.Release|x86.ActiveCfg = Release|Win32
		{7E675971-3C68-45C5-BC20-6737A51350D9}.Release|x86.Build.0 = Release|Win32
	EndGlobalSection
	GlobalSection(SolutionProperties) = preSolution
		HideSolutionNode = FALSE
	EndGlobalSection
	GlobalSection(ExtensibilityGlobals) = postSolution
		SolutionGuid = {40A08243-E189-4009-B83A-9179DDD6121B}
	EndGlobalSection
EndGlobal
